
Microsoft Visual Studio Solution File, Format Version 12.00
# Visual Studio Version 17
VisualStudioVersion = 17.5.33530.505
MinimumVisualStudioVersion = 10.0.40219.1
Project("{FAE04EC0-301F-11D3-BF4B-00C04F79EFBC}") = "GameEngine.TK", "GameEngine.TK\GameEngine.TK.csproj", "{DACA35B4-5D4E-45FF-A601-36163A0EA691}"
EndProject
Project("{FAE04EC0-301F-11D3-BF4B-00C04F79EFBC}") = "GameEngine.TK.Core", "GameEngine.TK.Core\GameEngine.TK.Core.csproj", "{2543CAE0-5758-4A13-B819-E8D0D361BEF8}"
EndProject
Global
	GlobalSection(SolutionConfigurationPlatforms) = preSolution
		Debug|Any CPU = Debug|Any CPU
		Release|Any CPU = Release|Any CPU
	EndGlobalSection
	GlobalSection(ProjectConfigurationPlatforms) = postSolution
		{DACA35B4-5D4E-45FF-A601-36163A0EA691}.Debug|Any CPU.ActiveCfg = Debug|Any CPU
		{DACA35B4-5D4E-45FF-A601-36163A0EA691}.Debug|Any CPU.Build.0 = Debug|Any CPU
		{DACA35B4-5D4E-45FF-A601-36163A0EA691}.Release|Any CPU.ActiveCfg = Release|Any CPU
		{DACA35B4-5D4E-45FF-A601-36163A0EA691}.Release|Any CPU.Build.0 = Release|Any CPU
		{2543CAE0-5758-4A13-B819-E8D0D361BEF8}.Debug|Any CPU.ActiveCfg = Debug|Any CPU
		{2543CAE0-5758-4A13-B819-E8D0D361BEF8}.Debug|Any CPU.Build.0 = Debug|Any CPU
		{2543CAE0-5758-4A13-B819-E8D0D361BEF8}.Release|Any CPU.ActiveCfg = Release|Any CPU
		{2543CAE0-5758-4A13-B819-E8D0D361BEF8}.Release|Any CPU.Build.0 = Release|Any CPU
	EndGlobalSection
	GlobalSection(SolutionProperties) = preSolution
		HideSolutionNode = FALSE
	EndGlobalSection
	GlobalSection(ExtensibilityGlobals) = postSolution
		SolutionGuid = {79CC8EA1-386A-48E8-A56C-593245748D48}
	EndGlobalSection
EndGlobal
